<?xml version="1.0" encoding="utf-8"?>
<Project ToolsVersion="4.0" xmlns="http://schemas.microsoft.com/developer/msbuild/2003">
  <ItemGroup>
    <ClCompile Include="..\source\main.cpp" />
    <ClCompile Include="glad.c">
      <Filter>libfiles</Filter>
    </ClCompile>
    <ClCompile Include="display.cpp">
      <Filter>display</Filter>
    </ClCompile>
  </ItemGroup>
  <ItemGroup>
    <Filter Include="display">
      <UniqueIdentifier>{c6c232d4-218b-4873-8d93-bb8d75186f67}</UniqueIdentifier>
    </Filter>
    <Filter Include="libfiles">
      <UniqueIdentifier>{f6be2868-d633-4e83-9010-aa9507f3b430}</UniqueIdentifier>
    </Filter>
  </ItemGroup>
  <ItemGroup>
    <ClInclude Include="display.h">
      <Filter>display</Filter>
    </ClInclude>
  </ItemGroup>
</Project>